
Microsoft Visual Studio Solution File, Format Version 12.00
# Visual Studio Version 17
VisualStudioVersion = 17.11.35219.272
MinimumVisualStudioVersion = 10.0.40219.1
Project("{FAE04EC0-301F-11D3-BF4B-00C04F79EFBC}") = "Toci.PlotTwist.Vsix", "Toci.PlotTwist.Vsix\Toci.PlotTwist.Vsix.csproj", "{0897288A-218D-4D59-A51A-88CC8AECA338}"
EndProject
Project("{FAE04EC0-301F-11D3-BF4B-00C04F79EFBC}") = "Toci.PlotTwist.Wpf", "..\Toci.PlotTwist.Wpf\Toci.PlotTwist.Wpf.csproj", "{21D023A5-9C0D-48D8-914D-6D6156CB4D4E}"
EndProject
Project("{FAE04EC0-301F-11D3-BF4B-00C04F79EFBC}") = "Toci.PlotTwist.ChatGPT", "..\Toci.PlotTwist.ChatGPT\Toci.PlotTwist.ChatGPT.csproj", "{3AEC5474-F4B6-4722-A313-F1B4D44CA52B}"
EndProject
Project("{2150E333-8FDC-42A3-9474-1A3956D46DE8}") = "Common", "Common", "{8EA3D23F-8622-4BC0-90D1-66995394E9BB}"
EndProject
Project("{9A19103F-16F7-4668-BE54-9A1E7A4F7556}") = "Intotech.Common", "..\..\IntotechDev\Intotech.Common\Intotech.Common\Intotech.Common.csproj", "{95DDEC68-5557-4C91-9C86-3EEC2DDBE0DD}"
EndProject
Project("{9A19103F-16F7-4668-BE54-9A1E7A4F7556}") = "Intotech.Common.Bll", "..\..\IntotechDev\Intotech.Common\Intotech.Common.Bll\Intotech.Common.Bll.csproj", "{1D9DAD7A-40FD-4AAD-8C6B-79CCB74789BF}"
EndProject
Project("{9A19103F-16F7-4668-BE54-9A1E7A4F7556}") = "Intotech.Common.Bll.Interfaces", "..\..\IntotechDev\Intotech.Common\Intotech.Common.Bll.Interfaces\Intotech.Common.Bll.Interfaces.csproj", "{D8827714-17F8-4AB9-9D55-60C6FD8745EC}"
EndProject
Project("{9A19103F-16F7-4668-BE54-9A1E7A4F7556}") = "Intotech.Common.Database", "..\..\IntotechDev\Intotech.Common\Intotech.Common.Database\Intotech.Common.Database.csproj", "{EB956124-8508-4038-89BE-36C765675250}"
EndProject
Project("{9A19103F-16F7-4668-BE54-9A1E7A4F7556}") = "Intotech.Common.Database.Interfaces", "..\..\IntotechDev\Intotech.Common\Intotech.Common.Database.Interfaces\Intotech.Common.Database.Interfaces.csproj", "{720EA6D7-6564-4C56-A510-3E7FCE28CA27}"
EndProject
Project("{9A19103F-16F7-4668-BE54-9A1E7A4F7556}") = "Intotech.Common.Interfaces", "..\..\IntotechDev\Intotech.Common\Intotech.Common.Interfaces\Intotech.Common.Interfaces.csproj", "{A0E4F9F0-3D3B-4AEF-98CC-E85881CEE695}"
EndProject
Project("{9A19103F-16F7-4668-BE54-9A1E7A4F7556}") = "Intotech.Common.Microservices", "..\..\IntotechDev\Intotech.Common\Intotech.Common.Microservices\Intotech.Common.Microservices.csproj", "{513C4296-9CD7-4F33-BCEA-702994038958}"
EndProject
Project("{9A19103F-16F7-4668-BE54-9A1E7A4F7556}") = "Intotech.Common.Microservices.Interfaces", "..\..\IntotechDev\Intotech.Common\Intotech.Common.Microservices.Interfaces\Intotech.Common.Microservices.Interfaces.csproj", "{89F87621-FC80-4023-BFC5-B73655D5201B}"
EndProject
Project("{9A19103F-16F7-4668-BE54-9A1E7A4F7556}") = "Intotech.Common.Tests", "..\..\IntotechDev\Intotech.Common\Intotech.Common.Tests\Intotech.Common.Tests.csproj", "{C9BE2094-9D5F-4721-A5F4-0BCB4422E1F9}"
EndProject
Project("{2150E333-8FDC-42A3-9474-1A3956D46DE8}") = "Solution Items", "Solution Items", "{591931B7-55FD-4C3B-BC65-DCAAE34B6FFB}"
EndProject
Project("{9A19103F-16F7-4668-BE54-9A1E7A4F7556}") = "Intotech.ReflectiveTools", "..\..\Intotech.Common\Intotech.ReflectiveTools\Intotech.ReflectiveTools.csproj", "{F196DE52-28B3-47A3-954F-E2E99B478DB9}"
EndProject
Project("{9A19103F-16F7-4668-BE54-9A1E7A4F7556}") = "Intotech.GhostRider", "..\..\Intotech.Common\Intotech.GhostRider\Intotech.GhostRider\Intotech.GhostRider.csproj", "{A5FB95BB-2263-42B6-AD5D-DFB0DFFE2E75}"
EndProject
Global
	GlobalSection(SolutionConfigurationPlatforms) = preSolution
		Debug|Any CPU = Debug|Any CPU
		Debug|arm64 = Debug|arm64
		Debug|x86 = Debug|x86
		Release|Any CPU = Release|Any CPU
		Release|arm64 = Release|arm64
		Release|x86 = Release|x86
	EndGlobalSection
	GlobalSection(ProjectConfigurationPlatforms) = postSolution
		{0897288A-218D-4D59-A51A-88CC8AECA338}.Debug|Any CPU.ActiveCfg = Debug|Any CPU
		{0897288A-218D-4D59-A51A-88CC8AECA338}.Debug|Any CPU.Build.0 = Debug|Any CPU
		{0897288A-218D-4D59-A51A-88CC8AECA338}.Debug|arm64.ActiveCfg = Debug|arm64
		{0897288A-218D-4D59-A51A-88CC8AECA338}.Debug|arm64.Build.0 = Debug|arm64
		{0897288A-218D-4D59-A51A-88CC8AECA338}.Debug|x86.ActiveCfg = Debug|x86
		{0897288A-218D-4D59-A51A-88CC8AECA338}.Debug|x86.Build.0 = Debug|x86
		{0897288A-218D-4D59-A51A-88CC8AECA338}.Release|Any CPU.ActiveCfg = Release|Any CPU
		{0897288A-218D-4D59-A51A-88CC8AECA338}.Release|Any CPU.Build.0 = Release|Any CPU
		{0897288A-218D-4D59-A51A-88CC8AECA338}.Release|arm64.ActiveCfg = Release|arm64
		{0897288A-218D-4D59-A51A-88CC8AECA338}.Release|arm64.Build.0 = Release|arm64
		{0897288A-218D-4D59-A51A-88CC8AECA338}.Release|x86.ActiveCfg = Release|x86
		{0897288A-218D-4D59-A51A-88CC8AECA338}.Release|x86.Build.0 = Release|x86
		{21D023A5-9C0D-48D8-914D-6D6156CB4D4E}.Debug|Any CPU.ActiveCfg = Debug|Any CPU
		{21D023A5-9C0D-48D8-914D-6D6156CB4D4E}.Debug|Any CPU.Build.0 = Debug|Any CPU
		{21D023A5-9C0D-48D8-914D-6D6156CB4D4E}.Debug|arm64.ActiveCfg = Debug|Any CPU
		{21D023A5-9C0D-48D8-914D-6D6156CB4D4E}.Debug|arm64.Build.0 = Debug|Any CPU
		{21D023A5-9C0D-48D8-914D-6D6156CB4D4E}.Debug|x86.ActiveCfg = Debug|Any CPU
		{21D023A5-9C0D-48D8-914D-6D6156CB4D4E}.Debug|x86.Build.0 = Debug|Any CPU
		{21D023A5-9C0D-48D8-914D-6D6156CB4D4E}.Release|Any CPU.ActiveCfg = Release|Any CPU
		{21D023A5-9C0D-48D8-914D-6D6156CB4D4E}.Release|Any CPU.Build.0 = Release|Any CPU
		{21D023A5-9C0D-48D8-914D-6D6156CB4D4E}.Release|arm64.ActiveCfg = Release|Any CPU
		{21D023A5-9C0D-48D8-914D-6D6156CB4D4E}.Release|arm64.Build.0 = Release|Any CPU
		{21D023A5-9C0D-48D8-914D-6D6156CB4D4E}.Release|x86.ActiveCfg = Release|Any CPU
		{21D023A5-9C0D-48D8-914D-6D6156CB4D4E}.Release|x86.Build.0 = Release|Any CPU
		{3AEC5474-F4B6-4722-A313-F1B4D44CA52B}.Debug|Any CPU.ActiveCfg = Debug|Any CPU
		{3AEC5474-F4B6-4722-A313-F1B4D44CA52B}.Debug|Any CPU.Build.0 = Debug|Any CPU
		{3AEC5474-F4B6-4722-A313-F1B4D44CA52B}.Debug|arm64.ActiveCfg = Debug|Any CPU
		{3AEC5474-F4B6-4722-A313-F1B4D44CA52B}.Debug|arm64.Build.0 = Debug|Any CPU
		{3AEC5474-F4B6-4722-A313-F1B4D44CA52B}.Debug|x86.ActiveCfg = Debug|Any CPU
		{3AEC5474-F4B6-4722-A313-F1B4D44CA52B}.Debug|x86.Build.0 = Debug|Any CPU
		{3AEC5474-F4B6-4722-A313-F1B4D44CA52B}.Release|Any CPU.ActiveCfg = Release|Any CPU
		{3AEC5474-F4B6-4722-A313-F1B4D44CA52B}.Release|Any CPU.Build.0 = Release|Any CPU
		{3AEC5474-F4B6-4722-A313-F1B4D44CA52B}.Release|arm64.ActiveCfg = Release|Any CPU
		{3AEC5474-F4B6-4722-A313-F1B4D44CA52B}.Release|arm64.Build.0 = Release|Any CPU
		{3AEC5474-F4B6-4722-A313-F1B4D44CA52B}.Release|x86.ActiveCfg = Release|Any CPU
		{3AEC5474-F4B6-4722-A313-F1B4D44CA52B}.Release|x86.Build.0 = Release|Any CPU
		{95DDEC68-5557-4C91-9C86-3EEC2DDBE0DD}.Debug|Any CPU.ActiveCfg = Debug|Any CPU
		{95DDEC68-5557-4C91-9C86-3EEC2DDBE0DD}.Debug|Any CPU.Build.0 = Debug|Any CPU
		{95DDEC68-5557-4C91-9C86-3EEC2DDBE0DD}.Debug|arm64.ActiveCfg = Debug|Any CPU
		{95DDEC68-5557-4C91-9C86-3EEC2DDBE0DD}.Debug|arm64.Build.0 = Debug|Any CPU
		{95DDEC68-5557-4C91-9C86-3EEC2DDBE0DD}.Debug|x86.ActiveCfg = Debug|Any CPU
		{95DDEC68-5557-4C91-9C86-3EEC2DDBE0DD}.Debug|x86.Build.0 = Debug|Any CPU
		{95DDEC68-5557-4C91-9C86-3EEC2DDBE0DD}.Release|Any CPU.ActiveCfg = Release|Any CPU
		{95DDEC68-5557-4C91-9C86-3EEC2DDBE0DD}.Release|Any CPU.Build.0 = Release|Any CPU
		{95DDEC68-5557-4C91-9C86-3EEC2DDBE0DD}.Release|arm64.ActiveCfg = Release|Any CPU
		{95DDEC68-5557-4C91-9C86-3EEC2DDBE0DD}.Release|arm64.Build.0 = Release|Any CPU
		{95DDEC68-5557-4C91-9C86-3EEC2DDBE0DD}.Release|x86.ActiveCfg = Release|Any CPU
		{95DDEC68-5557-4C91-9C86-3EEC2DDBE0DD}.Release|x86.Build.0 = Release|Any CPU
		{1D9DAD7A-40FD-4AAD-8C6B-79CCB74789BF}.Debug|Any CPU.ActiveCfg = Debug|Any CPU
		{1D9DAD7A-40FD-4AAD-8C6B-79CCB74789BF}.Debug|Any CPU.Build.0 = Debug|Any CPU
		{1D9DAD7A-40FD-4AAD-8C6B-79CCB74789BF}.Debug|arm64.ActiveCfg = Debug|Any CPU
		{1D9DAD7A-40FD-4AAD-8C6B-79CCB74789BF}.Debug|arm64.Build.0 = Debug|Any CPU
		{1D9DAD7A-40FD-4AAD-8C6B-79CCB74789BF}.Debug|x86.ActiveCfg = Debug|Any CPU
		{1D9DAD7A-40FD-4AAD-8C6B-79CCB74789BF}.Debug|x86.Build.0 = Debug|Any CPU
		{1D9DAD7A-40FD-4AAD-8C6B-79CCB74789BF}.Release|Any CPU.ActiveCfg = Release|Any CPU
		{1D9DAD7A-40FD-4AAD-8C6B-79CCB74789BF}.Release|Any CPU.Build.0 = Release|Any CPU
		{1D9DAD7A-40FD-4AAD-8C6B-79CCB74789BF}.Release|arm64.ActiveCfg = Release|Any CPU
		{1D9DAD7A-40FD-4AAD-8C6B-79CCB74789BF}.Release|arm64.Build.0 = Release|Any CPU
		{1D9DAD7A-40FD-4AAD-8C6B-79CCB74789BF}.Release|x86.ActiveCfg = Release|Any CPU
		{1D9DAD7A-40FD-4AAD-8C6B-79CCB74789BF}.Release|x86.Build.0 = Release|Any CPU
		{D8827714-17F8-4AB9-9D55-60C6FD8745EC}.Debug|Any CPU.ActiveCfg = Debug|Any CPU
		{D8827714-17F8-4AB9-9D55-60C6FD8745EC}.Debug|Any CPU.Build.0 = Debug|Any CPU
		{D8827714-17F8-4AB9-9D55-60C6FD8745EC}.Debug|arm64.ActiveCfg = Debug|Any CPU
		{D8827714-17F8-4AB9-9D55-60C6FD8745EC}.Debug|arm64.Build.0 = Debug|Any CPU
		{D8827714-17F8-4AB9-9D55-60C6FD8745EC}.Debug|x86.ActiveCfg = Debug|Any CPU
		{D8827714-17F8-4AB9-9D55-60C6FD8745EC}.Debug|x86.Build.0 = Debug|Any CPU
		{D8827714-17F8-4AB9-9D55-60C6FD8745EC}.Release|Any CPU.ActiveCfg = Release|Any CPU
		{D8827714-17F8-4AB9-9D55-60C6FD8745EC}.Release|Any CPU.Build.0 = Release|Any CPU
		{D8827714-17F8-4AB9-9D55-60C6FD8745EC}.Release|arm64.ActiveCfg = Release|Any CPU
		{D8827714-17F8-4AB9-9D55-60C6FD8745EC}.Release|arm64.Build.0 = Release|Any CPU
		{D8827714-17F8-4AB9-9D55-60C6FD8745EC}.Release|x86.ActiveCfg = Release|Any CPU
		{D8827714-17F8-4AB9-9D55-60C6FD8745EC}.Release|x86.Build.0 = Release|Any CPU
		{EB956124-8508-4038-89BE-36C765675250}.Debug|Any CPU.ActiveCfg = Debug|Any CPU
		{EB956124-8508-4038-89BE-36C765675250}.Debug|Any CPU.Build.0 = Debug|Any CPU
		{EB956124-8508-4038-89BE-36C765675250}.Debug|arm64.ActiveCfg = Debug|Any CPU
		{EB956124-8508-4038-89BE-36C765675250}.Debug|arm64.Build.0 = Debug|Any CPU
		{EB956124-8508-4038-89BE-36C765675250}.Debug|x86.ActiveCfg = Debug|Any CPU
		{EB956124-8508-4038-89BE-36C765675250}.Debug|x86.Build.0 = Debug|Any CPU
		{EB956124-8508-4038-89BE-36C765675250}.Release|Any CPU.ActiveCfg = Release|Any CPU
		{EB956124-8508-4038-89BE-36C765675250}.Release|Any CPU.Build.0 = Release|Any CPU
		{EB956124-8508-4038-89BE-36C765675250}.Release|arm64.ActiveCfg = Release|Any CPU
		{EB956124-8508-4038-89BE-36C765675250}.Release|arm64.Build.0 = Release|Any CPU
		{EB956124-8508-4038-89BE-36C765675250}.Release|x86.ActiveCfg = Release|Any CPU
		{EB956124-8508-4038-89BE-36C765675250}.Release|x86.Build.0 = Release|Any CPU
		{720EA6D7-6564-4C56-A510-3E7FCE28CA27}.Debug|Any CPU.ActiveCfg = Debug|Any CPU
		{720EA6D7-6564-4C56-A510-3E7FCE28CA27}.Debug|Any CPU.Build.0 = Debug|Any CPU
		{720EA6D7-6564-4C56-A510-3E7FCE28CA27}.Debug|arm64.ActiveCfg = Debug|Any CPU
		{720EA6D7-6564-4C56-A510-3E7FCE28CA27}.Debug|arm64.Build.0 = Debug|Any CPU
		{720EA6D7-6564-4C56-A510-3E7FCE28CA27}.Debug|x86.ActiveCfg = Debug|Any CPU
		{720EA6D7-6564-4C56-A510-3E7FCE28CA27}.Debug|x86.Build.0 = Debug|Any CPU
		{720EA6D7-6564-4C56-A510-3E7FCE28CA27}.Release|Any CPU.ActiveCfg = Release|Any CPU
		{720EA6D7-6564-4C56-A510-3E7FCE28CA27}.Release|Any CPU.Build.0 = Release|Any CPU
		{720EA6D7-6564-4C56-A510-3E7FCE28CA27}.Release|arm64.ActiveCfg = Release|Any CPU
		{720EA6D7-6564-4C56-A510-3E7FCE28CA27}.Release|arm64.Build.0 = Release|Any CPU
		{720EA6D7-6564-4C56-A510-3E7FCE28CA27}.Release|x86.ActiveCfg = Release|Any CPU
		{720EA6D7-6564-4C56-A510-3E7FCE28CA27}.Release|x86.Build.0 = Release|Any CPU
		{A0E4F9F0-3D3B-4AEF-98CC-E85881CEE695}.Debug|Any CPU.ActiveCfg = Debug|Any CPU
		{A0E4F9F0-3D3B-4AEF-98CC-E85881CEE695}.Debug|Any CPU.Build.0 = Debug|Any CPU
		{A0E4F9F0-3D3B-4AEF-98CC-E85881CEE695}.Debug|arm64.ActiveCfg = Debug|Any CPU
		{A0E4F9F0-3D3B-4AEF-98CC-E85881CEE695}.Debug|arm64.Build.0 = Debug|Any CPU
		{A0E4F9F0-3D3B-4AEF-98CC-E85881CEE695}.Debug|x86.ActiveCfg = Debug|Any CPU
		{A0E4F9F0-3D3B-4AEF-98CC-E85881CEE695}.Debug|x86.Build.0 = Debug|Any CPU
		{A0E4F9F0-3D3B-4AEF-98CC-E85881CEE695}.Release|Any CPU.ActiveCfg = Release|Any CPU
		{A0E4F9F0-3D3B-4AEF-98CC-E85881CEE695}.Release|Any CPU.Build.0 = Release|Any CPU
		{A0E4F9F0-3D3B-4AEF-98CC-E85881CEE695}.Release|arm64.ActiveCfg = Release|Any CPU
		{A0E4F9F0-3D3B-4AEF-98CC-E85881CEE695}.Release|arm64.Build.0 = Release|Any CPU
		{A0E4F9F0-3D3B-4AEF-98CC-E85881CEE695}.Release|x86.ActiveCfg = Release|Any CPU
		{A0E4F9F0-3D3B-4AEF-98CC-E85881CEE695}.Release|x86.Build.0 = Release|Any CPU
		{513C4296-9CD7-4F33-BCEA-702994038958}.Debug|Any CPU.ActiveCfg = Debug|Any CPU
		{513C4296-9CD7-4F33-BCEA-702994038958}.Debug|Any CPU.Build.0 = Debug|Any CPU
		{513C4296-9CD7-4F33-BCEA-702994038958}.Debug|arm64.ActiveCfg = Debug|Any CPU
		{513C4296-9CD7-4F33-BCEA-702994038958}.Debug|arm64.Build.0 = Debug|Any CPU
		{513C4296-9CD7-4F33-BCEA-702994038958}.Debug|x86.ActiveCfg = Debug|Any CPU
		{513C4296-9CD7-4F33-BCEA-702994038958}.Debug|x86.Build.0 = Debug|Any CPU
		{513C4296-9CD7-4F33-BCEA-702994038958}.Release|Any CPU.ActiveCfg = Release|Any CPU
		{513C4296-9CD7-4F33-BCEA-702994038958}.Release|Any CPU.Build.0 = Release|Any CPU
		{513C4296-9CD7-4F33-BCEA-702994038958}.Release|arm64.ActiveCfg = Release|Any CPU
		{513C4296-9CD7-4F33-BCEA-702994038958}.Release|arm64.Build.0 = Release|Any CPU
		{513C4296-9CD7-4F33-BCEA-702994038958}.Release|x86.ActiveCfg = Release|Any CPU
		{513C4296-9CD7-4F33-BCEA-702994038958}.Release|x86.Build.0 = Release|Any CPU
		{89F87621-FC80-4023-BFC5-B73655D5201B}.Debug|Any CPU.ActiveCfg = Debug|Any CPU
		{89F87621-FC80-4023-BFC5-B73655D5201B}.Debug|Any CPU.Build.0 = Debug|Any CPU
		{89F87621-FC80-4023-BFC5-B73655D5201B}.Debug|arm64.ActiveCfg = Debug|Any CPU
		{89F87621-FC80-4023-BFC5-B73655D5201B}.Debug|arm64.Build.0 = Debug|Any CPU
		{89F87621-FC80-4023-BFC5-B73655D5201B}.Debug|x86.ActiveCfg = Debug|Any CPU
		{89F87621-FC80-4023-BFC5-B73655D5201B}.Debug|x86.Build.0 = Debug|Any CPU
		{89F87621-FC80-4023-BFC5-B73655D5201B}.Release|Any CPU.ActiveCfg = Release|Any CPU
		{89F87621-FC80-4023-BFC5-B73655D5201B}.Release|Any CPU.Build.0 = Release|Any CPU
		{89F87621-FC80-4023-BFC5-B73655D5201B}.Release|arm64.ActiveCfg = Release|Any CPU
		{89F87621-FC80-4023-BFC5-B73655D5201B}.Release|arm64.Build.0 = Release|Any CPU
		{89F87621-FC80-4023-BFC5-B73655D5201B}.Release|x86.ActiveCfg = Release|Any CPU
		{89F87621-FC80-4023-BFC5-B73655D5201B}.Release|x86.Build.0 = Release|Any CPU
		{C9BE2094-9D5F-4721-A5F4-0BCB4422E1F9}.Debug|Any CPU.ActiveCfg = Debug|Any CPU
		{C9BE2094-9D5F-4721-A5F4-0BCB4422E1F9}.Debug|Any CPU.Build.0 = Debug|Any CPU
		{C9BE2094-9D5F-4721-A5F4-0BCB4422E1F9}.Debug|arm64.ActiveCfg = Debug|Any CPU
		{C9BE2094-9D5F-4721-A5F4-0BCB4422E1F9}.Debug|arm64.Build.0 = Debug|Any CPU
		{C9BE2094-9D5F-4721-A5F4-0BCB4422E1F9}.Debug|x86.ActiveCfg = Debug|Any CPU
		{C9BE2094-9D5F-4721-A5F4-0BCB4422E1F9}.Debug|x86.Build.0 = Debug|Any CPU
		{C9BE2094-9D5F-4721-A5F4-0BCB4422E1F9}.Release|Any CPU.ActiveCfg = Release|Any CPU
		{C9BE2094-9D5F-4721-A5F4-0BCB4422E1F9}.Release|Any CPU.Build.0 = Release|Any CPU
		{C9BE2094-9D5F-4721-A5F4-0BCB4422E1F9}.Release|arm64.ActiveCfg = Release|Any CPU
		{C9BE2094-9D5F-4721-A5F4-0BCB4422E1F9}.Release|arm64.Build.0 = Release|Any CPU
		{C9BE2094-9D5F-4721-A5F4-0BCB4422E1F9}.Release|x86.ActiveCfg = Release|Any CPU
		{C9BE2094-9D5F-4721-A5F4-0BCB4422E1F9}.Release|x86.Build.0 = Release|Any CPU
		{F196DE52-28B3-47A3-954F-E2E99B478DB9}.Debug|Any CPU.ActiveCfg = Debug|Any CPU
		{F196DE52-28B3-47A3-954F-E2E99B478DB9}.Debug|Any CPU.Build.0 = Debug|Any CPU
		{F196DE52-28B3-47A3-954F-E2E99B478DB9}.Debug|arm64.ActiveCfg = Debug|Any CPU
		{F196DE52-28B3-47A3-954F-E2E99B478DB9}.Debug|arm64.Build.0 = Debug|Any CPU
		{F196DE52-28B3-47A3-954F-E2E99B478DB9}.Debug|x86.ActiveCfg = Debug|Any CPU
		{F196DE52-28B3-47A3-954F-E2E99B478DB9}.Debug|x86.Build.0 = Debug|Any CPU
		{F196DE52-28B3-47A3-954F-E2E99B478DB9}.Release|Any CPU.ActiveCfg = Release|Any CPU
		{F196DE52-28B3-47A3-954F-E2E99B478DB9}.Release|Any CPU.Build.0 = Release|Any CPU
		{F196DE52-28B3-47A3-954F-E2E99B478DB9}.Release|arm64.ActiveCfg = Release|Any CPU
		{F196DE52-28B3-47A3-954F-E2E99B478DB9}.Release|arm64.Build.0 = Release|Any CPU
		{F196DE52-28B3-47A3-954F-E2E99B478DB9}.Release|x86.ActiveCfg = Release|Any CPU
		{F196DE52-28B3-47A3-954F-E2E99B478DB9}.Release|x86.Build.0 = Release|Any CPU
		{A5FB95BB-2263-42B6-AD5D-DFB0DFFE2E75}.Debug|Any CPU.ActiveCfg = Debug|Any CPU
		{A5FB95BB-2263-42B6-AD5D-DFB0DFFE2E75}.Debug|Any CPU.Build.0 = Debug|Any CPU
		{A5FB95BB-2263-42B6-AD5D-DFB0DFFE2E75}.Debug|arm64.ActiveCfg = Debug|Any CPU
		{A5FB95BB-2263-42B6-AD5D-DFB0DFFE2E75}.Debug|arm64.Build.0 = Debug|Any CPU
		{A5FB95BB-2263-42B6-AD5D-DFB0DFFE2E75}.Debug|x86.ActiveCfg = Debug|Any CPU
		{A5FB95BB-2263-42B6-AD5D-DFB0DFFE2E75}.Debug|x86.Build.0 = Debug|Any CPU
		{A5FB95BB-2263-42B6-AD5D-DFB0DFFE2E75}.Release|Any CPU.ActiveCfg = Release|Any CPU
		{A5FB95BB-2263-42B6-AD5D-DFB0DFFE2E75}.Release|Any CPU.Build.0 = Release|Any CPU
		{A5FB95BB-2263-42B6-AD5D-DFB0DFFE2E75}.Release|arm64.ActiveCfg = Release|Any CPU
		{A5FB95BB-2263-42B6-AD5D-DFB0DFFE2E75}.Release|arm64.Build.0 = Release|Any CPU
		{A5FB95BB-2263-42B6-AD5D-DFB0DFFE2E75}.Release|x86.ActiveCfg = Release|Any CPU
		{A5FB95BB-2263-42B6-AD5D-DFB0DFFE2E75}.Release|x86.Build.0 = Release|Any CPU
	EndGlobalSection
	GlobalSection(SolutionProperties) = preSolution
		HideSolutionNode = FALSE
	EndGlobalSection
	GlobalSection(NestedProjects) = preSolution
		{95DDEC68-5557-4C91-9C86-3EEC2DDBE0DD} = {8EA3D23F-8622-4BC0-90D1-66995394E9BB}
		{1D9DAD7A-40FD-4AAD-8C6B-79CCB74789BF} = {8EA3D23F-8622-4BC0-90D1-66995394E9BB}
		{D8827714-17F8-4AB9-9D55-60C6FD8745EC} = {8EA3D23F-8622-4BC0-90D1-66995394E9BB}
		{EB956124-8508-4038-89BE-36C765675250} = {8EA3D23F-8622-4BC0-90D1-66995394E9BB}
		{720EA6D7-6564-4C56-A510-3E7FCE28CA27} = {8EA3D23F-8622-4BC0-90D1-66995394E9BB}
		{A0E4F9F0-3D3B-4AEF-98CC-E85881CEE695} = {8EA3D23F-8622-4BC0-90D1-66995394E9BB}
		{513C4296-9CD7-4F33-BCEA-702994038958} = {8EA3D23F-8622-4BC0-90D1-66995394E9BB}
		{89F87621-FC80-4023-BFC5-B73655D5201B} = {8EA3D23F-8622-4BC0-90D1-66995394E9BB}
		{C9BE2094-9D5F-4721-A5F4-0BCB4422E1F9} = {8EA3D23F-8622-4BC0-90D1-66995394E9BB}
		{F196DE52-28B3-47A3-954F-E2E99B478DB9} = {8EA3D23F-8622-4BC0-90D1-66995394E9BB}
		{A5FB95BB-2263-42B6-AD5D-DFB0DFFE2E75} = {8EA3D23F-8622-4BC0-90D1-66995394E9BB}
	EndGlobalSection
	GlobalSection(ExtensibilityGlobals) = postSolution
		SolutionGuid = {CE443ADC-3E18-4F23-AC13-A3342C462D18}
	EndGlobalSection
EndGlobal
